
Microsoft Visual Studio Solution File, Format Version 12.00
# Visual Studio Version 16
VisualStudioVersion = 16.0.31410.357
MinimumVisualStudioVersion = 10.0.40219.1
Project("{FAE04EC0-301F-11D3-BF4B-00C04F79EFBC}") = "BookHub", "BookHub.csproj", "{13BA8F6D-0F65-4D5C-BD36-698D81CA584E}"
EndProject
Global
	GlobalSection(SolutionConfigurationPlatforms) = preSolution
		Debug|Any CPU = Debug|Any CPU
		Release|Any CPU = Release|Any CPU
	EndGlobalSection
	GlobalSection(ProjectConfigurationPlatforms) = postSolution
		{13BA8F6D-0F65-4D5C-BD36-698D81CA584E}.Debug|Any CPU.ActiveCfg = Debug|Any CPU
		{13BA8F6D-0F65-4D5C-BD36-698D81CA584E}.Debug|Any CPU.Build.0 = Debug|Any CPU
		{13BA8F6D-0F65-4D5C-BD36-698D81CA584E}.Release|Any CPU.ActiveCfg = Release|Any CPU
		{13BA8F6D-0F65-4D5C-BD36-698D81CA584E}.Release|Any CPU.Build.0 = Release|Any CPU
	EndGlobalSection
	GlobalSection(SolutionProperties) = preSolution
		HideSolutionNode = FALSE
	EndGlobalSection
	GlobalSection(ExtensibilityGlobals) = postSolution
		SolutionGuid = {BD480CA8-7307-4384-A9D8-6560A548F29C}
	EndGlobalSection
EndGlobal
